
Microsoft Visual Studio Solution File, Format Version 12.00
# Visual Studio Version 17
VisualStudioVersion = 17.5.002.0
MinimumVisualStudioVersion = 10.0.40219.1
Project("{9A19103F-16F7-4668-BE54-9A1E7A4F7556}") = "MovieApi", "MovieApi.csproj", "{CE6483F0-98E0-4F61-A215-8F4F14F4CD5E}"
EndProject
Global
	GlobalSection(SolutionConfigurationPlatforms) = preSolution
		Debug|Any CPU = Debug|Any CPU
		Release|Any CPU = Release|Any CPU
	EndGlobalSection
	GlobalSection(ProjectConfigurationPlatforms) = postSolution
		{CE6483F0-98E0-4F61-A215-8F4F14F4CD5E}.Debug|Any CPU.ActiveCfg = Debug|Any CPU
		{CE6483F0-98E0-4F61-A215-8F4F14F4CD5E}.Debug|Any CPU.Build.0 = Debug|Any CPU
		{CE6483F0-98E0-4F61-A215-8F4F14F4CD5E}.Release|Any CPU.ActiveCfg = Release|Any CPU
		{CE6483F0-98E0-4F61-A215-8F4F14F4CD5E}.Release|Any CPU.Build.0 = Release|Any CPU
	EndGlobalSection
	GlobalSection(SolutionProperties) = preSolution
		HideSolutionNode = FALSE
	EndGlobalSection
	GlobalSection(ExtensibilityGlobals) = postSolution
		SolutionGuid = {DCC07EF4-FC27-4987-A07F-D5B37B9FE45F}
	EndGlobalSection
EndGlobal
